
Microsoft Visual Studio Solution File, Format Version 12.00
# Visual Studio Version 17
VisualStudioVersion = 17.14.36623.8 d17.14
MinimumVisualStudioVersion = 10.0.40219.1
Project("{FAE04EC0-301F-11D3-BF4B-00C04F79EFBC}") = "test2-ifelse", "test2-ifelse.csproj", "{2CB422F6-329A-4BAE-9BE7-676C8E1DDC95}"
EndProject
Global
	GlobalSection(SolutionConfigurationPlatforms) = preSolution
		Debug|Any CPU = Debug|Any CPU
		Release|Any CPU = Release|Any CPU
	EndGlobalSection
	GlobalSection(ProjectConfigurationPlatforms) = postSolution
		{2CB422F6-329A-4BAE-9BE7-676C8E1DDC95}.Debug|Any CPU.ActiveCfg = Debug|Any CPU
		{2CB422F6-329A-4BAE-9BE7-676C8E1DDC95}.Debug|Any CPU.Build.0 = Debug|Any CPU
		{2CB422F6-329A-4BAE-9BE7-676C8E1DDC95}.Release|Any CPU.ActiveCfg = Release|Any CPU
		{2CB422F6-329A-4BAE-9BE7-676C8E1DDC95}.Release|Any CPU.Build.0 = Release|Any CPU
	EndGlobalSection
	GlobalSection(SolutionProperties) = preSolution
		HideSolutionNode = FALSE
	EndGlobalSection
	GlobalSection(ExtensibilityGlobals) = postSolution
		SolutionGuid = {B919A4FC-A56C-4AB8-BB0E-C9C23D379608}
	EndGlobalSection
EndGlobal
